
Microsoft Visual Studio Solution File, Format Version 12.00
# Visual Studio Version 17
VisualStudioVersion = 17.3.32825.248
MinimumVisualStudioVersion = 10.0.40219.1
Project("{FAE04EC0-301F-11D3-BF4B-00C04F79EFBC}") = "Emails", "Emails\Emails.csproj", "{5BECB1D2-A871-45AF-9358-27A96E776496}"
EndProject
Global
	GlobalSection(SolutionConfigurationPlatforms) = preSolution
		Debug|Any CPU = Debug|Any CPU
		Release|Any CPU = Release|Any CPU
	EndGlobalSection
	GlobalSection(ProjectConfigurationPlatforms) = postSolution
		{5BECB1D2-A871-45AF-9358-27A96E776496}.Debug|Any CPU.ActiveCfg = Debug|Any CPU
		{5BECB1D2-A871-45AF-9358-27A96E776496}.Debug|Any CPU.Build.0 = Debug|Any CPU
		{5BECB1D2-A871-45AF-9358-27A96E776496}.Release|Any CPU.ActiveCfg = Release|Any CPU
		{5BECB1D2-A871-45AF-9358-27A96E776496}.Release|Any CPU.Build.0 = Release|Any CPU
	EndGlobalSection
	GlobalSection(SolutionProperties) = preSolution
		HideSolutionNode = FALSE
	EndGlobalSection
	GlobalSection(ExtensibilityGlobals) = postSolution
		SolutionGuid = {72CC07CD-7A9A-4082-B059-7C00C59E9395}
	EndGlobalSection
EndGlobal
